
Microsoft Visual Studio Solution File, Format Version 12.00
# Visual Studio Version 16
VisualStudioVersion = 16.0.34031.81
MinimumVisualStudioVersion = 10.0.40219.1
Project("{2150E333-8FDC-42A3-9474-1A3956D46DE8}") = "Task0", "Task0", "{54A1C4C9-D8D8-422A-9DA9-C5D7170610CA}"
EndProject
Project("{FAE04EC0-301F-11D3-BF4B-00C04F79EFBC}") = "Tyuiu.ShabanovMS.Sprint4.Task0.V15", "Tyuiu.ShabanovMS.Sprint4.Task0.V15\Tyuiu.ShabanovMS.Sprint4.Task0.V15.csproj", "{63F4E353-E1BD-4EBE-8FD4-09153A34A6E1}"
EndProject
Project("{FAE04EC0-301F-11D3-BF4B-00C04F79EFBC}") = "Tyuiu.ShabanovMS.Sprint4.Task0.V15.Lib", "Tyuiu.ShabanovMS.Sprint4.Task0.V15.Lib\Tyuiu.ShabanovMS.Sprint4.Task0.V15.Lib.csproj", "{D62EAD70-6447-4DB5-92AF-C270A0DCD7E0}"
EndProject
Project("{FAE04EC0-301F-11D3-BF4B-00C04F79EFBC}") = "Tyuiu.ShabanovMS.Sprint4.Task0.V15.Test", "Tyuiu.ShabanovMS.Sprint4.Task0.V15.Test\Tyuiu.ShabanovMS.Sprint4.Task0.V15.Test.csproj", "{5E76F239-59B7-412A-92F8-1A85051C98B4}"
EndProject
Project("{2150E333-8FDC-42A3-9474-1A3956D46DE8}") = "Task1", "Task1", "{2FF8DE0F-7C2B-438D-908D-005BB2A29BE1}"
EndProject
Project("{FAE04EC0-301F-11D3-BF4B-00C04F79EFBC}") = "Tyuiu.ShabanovMS.Sprint4.Task1.V26", "Tyuiu.ShabanovMS.Sprint4.Task1.V26\Tyuiu.ShabanovMS.Sprint4.Task1.V26.csproj", "{38AB91D6-99B5-4CCF-A467-777396BCD657}"
EndProject
Project("{FAE04EC0-301F-11D3-BF4B-00C04F79EFBC}") = "Tyuiu.ShabanovMS.Sprint4.Task1.V26.Lib", "Tyuiu.ShabanovMS.Sprint4.Task1.V26.Lib\Tyuiu.ShabanovMS.Sprint4.Task1.V26.Lib.csproj", "{C3DC0435-13B9-44DF-972F-CCDA51095FBF}"
EndProject
Project("{FAE04EC0-301F-11D3-BF4B-00C04F79EFBC}") = "Tyuiu.ShabanovMS.Sprint4.Task1.V26.Test", "Tyuiu.ShabanovMS.Sprint4.Task1.V26.Test\Tyuiu.ShabanovMS.Sprint4.Task1.V26.Test.csproj", "{705B965C-71FB-4005-AFF1-3315F3534002}"
EndProject
Project("{2150E333-8FDC-42A3-9474-1A3956D46DE8}") = "Task2", "Task2", "{D08CC891-1818-4BB7-A19C-6CADD754BA5F}"
EndProject
Project("{FAE04EC0-301F-11D3-BF4B-00C04F79EFBC}") = "Tyuiu.ShabanovMS.Sprint4.Task2.V11", "Tyuiu.ShabanovMS.Sprint4.Task2.V11\Tyuiu.ShabanovMS.Sprint4.Task2.V11.csproj", "{64AE5446-381D-47C9-8434-EC97578C7644}"
EndProject
Project("{FAE04EC0-301F-11D3-BF4B-00C04F79EFBC}") = "Tyuiu.ShabanovMS.Sprint4.Task2.V11.Lib", "Tyuiu.ShabanovMS.Sprint4.Task2.V11.Lib\Tyuiu.ShabanovMS.Sprint4.Task2.V11.Lib.csproj", "{1391BE84-568F-4707-9D88-C954C2897652}"
EndProject
Project("{FAE04EC0-301F-11D3-BF4B-00C04F79EFBC}") = "Tyuiu.ShabanovMS.Sprint4.Task2.V11.Test", "Tyuiu.ShabanovMS.Sprint4.Task2.V11.Test\Tyuiu.ShabanovMS.Sprint4.Task2.V11.Test.csproj", "{826A1DBD-5138-48CB-8769-D97F9247B995}"
EndProject
Project("{2150E333-8FDC-42A3-9474-1A3956D46DE8}") = "Task3", "Task3", "{70A122D4-8184-477B-84C7-4775F4A7E847}"
EndProject
Project("{FAE04EC0-301F-11D3-BF4B-00C04F79EFBC}") = "Tyuiu.ShabanovMS.Sprint4.Task3.V22", "Tyuiu.ShabanovMS.Sprint4.Task3.V22\Tyuiu.ShabanovMS.Sprint4.Task3.V22.csproj", "{CD8614E0-6888-4505-B0D0-A54285087884}"
EndProject
Project("{FAE04EC0-301F-11D3-BF4B-00C04F79EFBC}") = "Tyuiu.ShabanovMS.Sprint4.Task3.V22.Lib", "Tyuiu.ShabanovMS.Sprint4.Task3.V22.Lib\Tyuiu.ShabanovMS.Sprint4.Task3.V22.Lib.csproj", "{3F717B98-A3E8-4D58-9393-8539032C7215}"
EndProject
Project("{FAE04EC0-301F-11D3-BF4B-00C04F79EFBC}") = "Tyuiu.ShabanovMS.Sprint4.Task3.V22.Test", "Tyuiu.ShabanovMS.Sprint4.Task3.V22.Test\Tyuiu.ShabanovMS.Sprint4.Task3.V22.Test.csproj", "{A6AF3AFE-535E-4201-A7CA-01010D67E454}"
EndProject
Project("{2150E333-8FDC-42A3-9474-1A3956D46DE8}") = "Task4", "Task4", "{EE00A56C-F28E-462E-890A-983F824C73A7}"
EndProject
Project("{2150E333-8FDC-42A3-9474-1A3956D46DE8}") = "Task5", "Task5", "{E34F28D4-D034-4E5D-81EB-A31B5FA3B9F9}"
EndProject
Project("{FAE04EC0-301F-11D3-BF4B-00C04F79EFBC}") = "Tyuiu.ShabanovMS.Sprint4.Task5.V17", "Tyuiu.ShabanovMS.Sprint4.Task5.V17\Tyuiu.ShabanovMS.Sprint4.Task5.V17.csproj", "{B774A8FE-F596-409E-8083-311E27773621}"
EndProject
Project("{FAE04EC0-301F-11D3-BF4B-00C04F79EFBC}") = "Tyuiu.ShabanovMS.Sprint4.Task5.V17.Lib", "Tyuiu.ShabanovMS.Sprint4.Task5.V17.Lib\Tyuiu.ShabanovMS.Sprint4.Task5.V17.Lib.csproj", "{9705FDA3-7170-40B9-B855-34F895B4FF8D}"
EndProject
Project("{FAE04EC0-301F-11D3-BF4B-00C04F79EFBC}") = "Tyuiu.ShabanovMS.Sprint4.Task5.V17.Test", "Tyuiu.ShabanovMS.Sprint4.Task5.V17.Test\Tyuiu.ShabanovMS.Sprint4.Task5.V17.Test.csproj", "{6036F144-FA01-47A8-9CD3-8BF893DFB7B8}"
EndProject
Project("{FAE04EC0-301F-11D3-BF4B-00C04F79EFBC}") = "Tyuiu.ShabanovMS.Sprint4.Task4.V28", "Tyuiu.ShabanovMS.Sprint4.Task4.V28\Tyuiu.ShabanovMS.Sprint4.Task4.V28.csproj", "{84C6AAEE-8C70-4978-A38C-82C9C437429B}"
EndProject
Project("{FAE04EC0-301F-11D3-BF4B-00C04F79EFBC}") = "Tyuiu.ShabanovMS.Sprint4.Task4.V28.Lib", "Tyuiu.ShabanovMS.Sprint4.Task4.V28.Lib\Tyuiu.ShabanovMS.Sprint4.Task4.V28.Lib.csproj", "{ED79DAB6-C37A-45E3-9546-0086C74FC5E3}"
EndProject
Project("{FAE04EC0-301F-11D3-BF4B-00C04F79EFBC}") = "Tyuiu.ShabanovMS.Sprint4.Task4.V28.Test", "Tyuiu.ShabanovMS.Sprint4.Task4.V28.Test\Tyuiu.ShabanovMS.Sprint4.Task4.V28.Test.csproj", "{8E3F324E-3E89-4BEB-8604-BFBAF24D9BC5}"
EndProject
Project("{2150E333-8FDC-42A3-9474-1A3956D46DE8}") = "Task6", "Task6", "{35CCF993-6805-472A-AB09-DD1292EB5471}"
EndProject
Project("{FAE04EC0-301F-11D3-BF4B-00C04F79EFBC}") = "Tyuiu.ShabanovMS.Sprint4.Task6.V18", "Tyuiu.ShabanovMS.Sprint4.Task6.V18\Tyuiu.ShabanovMS.Sprint4.Task6.V18.csproj", "{395D29F5-FB9C-4315-926A-18DEF68F476D}"
EndProject
Project("{FAE04EC0-301F-11D3-BF4B-00C04F79EFBC}") = "Tyuiu.ShabanovMS.Sprint4.Task6.V18.Lib", "Tyuiu.ShabanovMS.Sprint4.Task6.V18.Lib\Tyuiu.ShabanovMS.Sprint4.Task6.V18.Lib.csproj", "{FF0526D0-5489-48F8-BAC3-97D860A90CA0}"
EndProject
Project("{FAE04EC0-301F-11D3-BF4B-00C04F79EFBC}") = "Tyuiu.ShabanovMS.Sprint4.Task6.V18.Test", "Tyuiu.ShabanovMS.Sprint4.Task6.V18.Test\Tyuiu.ShabanovMS.Sprint4.Task6.V18.Test.csproj", "{A6CE93D4-0318-4CA4-8F7E-004CDF056717}"
EndProject
Project("{2150E333-8FDC-42A3-9474-1A3956D46DE8}") = "Task7", "Task7", "{CB3677EE-F168-4ED8-9530-49E57B8F8F74}"
EndProject
Project("{FAE04EC0-301F-11D3-BF4B-00C04F79EFBC}") = "Tyuiu.ShabanovMS.Sprint4.Task7.V25", "Tyuiu.ShabanovMS.Sprint4.Task7.V25\Tyuiu.ShabanovMS.Sprint4.Task7.V25.csproj", "{B8BEC09C-F6C9-419B-96EF-E7A27F11CB7E}"
EndProject
Project("{FAE04EC0-301F-11D3-BF4B-00C04F79EFBC}") = "Tyuiu.ShabanovMS.Sprint4.Task7.V25.Lib", "Tyuiu.ShabanovMS.Sprint4.Task7.V25.Lib\Tyuiu.ShabanovMS.Sprint4.Task7.V25.Lib.csproj", "{431E9D8D-6F97-46EE-AAD3-AE0D474F63F7}"
EndProject
Project("{FAE04EC0-301F-11D3-BF4B-00C04F79EFBC}") = "Tyuiu.ShabanovMS.Sprint4.Task7.V25.Test", "Tyuiu.ShabanovMS.Sprint4.Task7.V25.Test\Tyuiu.ShabanovMS.Sprint4.Task7.V25.Test.csproj", "{01588EC4-351E-438C-BA57-B2AFC8BB3D70}"
EndProject
Global
	GlobalSection(SolutionConfigurationPlatforms) = preSolution
		Debug|Any CPU = Debug|Any CPU
		Release|Any CPU = Release|Any CPU
	EndGlobalSection
	GlobalSection(ProjectConfigurationPlatforms) = postSolution
		{63F4E353-E1BD-4EBE-8FD4-09153A34A6E1}.Debug|Any CPU.ActiveCfg = Debug|Any CPU
		{63F4E353-E1BD-4EBE-8FD4-09153A34A6E1}.Debug|Any CPU.Build.0 = Debug|Any CPU
		{63F4E353-E1BD-4EBE-8FD4-09153A34A6E1}.Release|Any CPU.ActiveCfg = Release|Any CPU
		{63F4E353-E1BD-4EBE-8FD4-09153A34A6E1}.Release|Any CPU.Build.0 = Release|Any CPU
		{D62EAD70-6447-4DB5-92AF-C270A0DCD7E0}.Debug|Any CPU.ActiveCfg = Debug|Any CPU
		{D62EAD70-6447-4DB5-92AF-C270A0DCD7E0}.Debug|Any CPU.Build.0 = Debug|Any CPU
		{D62EAD70-6447-4DB5-92AF-C270A0DCD7E0}.Release|Any CPU.ActiveCfg = Release|Any CPU
		{D62EAD70-6447-4DB5-92AF-C270A0DCD7E0}.Release|Any CPU.Build.0 = Release|Any CPU
		{5E76F239-59B7-412A-92F8-1A85051C98B4}.Debug|Any CPU.ActiveCfg = Debug|Any CPU
		{5E76F239-59B7-412A-92F8-1A85051C98B4}.Debug|Any CPU.Build.0 = Debug|Any CPU
		{5E76F239-59B7-412A-92F8-1A85051C98B4}.Release|Any CPU.ActiveCfg = Release|Any CPU
		{5E76F239-59B7-412A-92F8-1A85051C98B4}.Release|Any CPU.Build.0 = Release|Any CPU
		{38AB91D6-99B5-4CCF-A467-777396BCD657}.Debug|Any CPU.ActiveCfg = Debug|Any CPU
		{38AB91D6-99B5-4CCF-A467-777396BCD657}.Debug|Any CPU.Build.0 = Debug|Any CPU
		{38AB91D6-99B5-4CCF-A467-777396BCD657}.Release|Any CPU.ActiveCfg = Release|Any CPU
		{38AB91D6-99B5-4CCF-A467-777396BCD657}.Release|Any CPU.Build.0 = Release|Any CPU
		{C3DC0435-13B9-44DF-972F-CCDA51095FBF}.Debug|Any CPU.ActiveCfg = Debug|Any CPU
		{C3DC0435-13B9-44DF-972F-CCDA51095FBF}.Debug|Any CPU.Build.0 = Debug|Any CPU
		{C3DC0435-13B9-44DF-972F-CCDA51095FBF}.Release|Any CPU.ActiveCfg = Release|Any CPU
		{C3DC0435-13B9-44DF-972F-CCDA51095FBF}.Release|Any CPU.Build.0 = Release|Any CPU
		{705B965C-71FB-4005-AFF1-3315F3534002}.Debug|Any CPU.ActiveCfg = Debug|Any CPU
		{705B965C-71FB-4005-AFF1-3315F3534002}.Debug|Any CPU.Build.0 = Debug|Any CPU
		{705B965C-71FB-4005-AFF1-3315F3534002}.Release|Any CPU.ActiveCfg = Release|Any CPU
		{705B965C-71FB-4005-AFF1-3315F3534002}.Release|Any CPU.Build.0 = Release|Any CPU
		{64AE5446-381D-47C9-8434-EC97578C7644}.Debug|Any CPU.ActiveCfg = Debug|Any CPU
		{64AE5446-381D-47C9-8434-EC97578C7644}.Debug|Any CPU.Build.0 = Debug|Any CPU
		{64AE5446-381D-47C9-8434-EC97578C7644}.Release|Any CPU.ActiveCfg = Release|Any CPU
		{64AE5446-381D-47C9-8434-EC97578C7644}.Release|Any CPU.Build.0 = Release|Any CPU
		{1391BE84-568F-4707-9D88-C954C2897652}.Debug|Any CPU.ActiveCfg = Debug|Any CPU
		{1391BE84-568F-4707-9D88-C954C2897652}.Debug|Any CPU.Build.0 = Debug|Any CPU
		{1391BE84-568F-4707-9D88-C954C2897652}.Release|Any CPU.ActiveCfg = Release|Any CPU
		{1391BE84-568F-4707-9D88-C954C2897652}.Release|Any CPU.Build.0 = Release|Any CPU
		{826A1DBD-5138-48CB-8769-D97F9247B995}.Debug|Any CPU.ActiveCfg = Debug|Any CPU
		{826A1DBD-5138-48CB-8769-D97F9247B995}.Debug|Any CPU.Build.0 = Debug|Any CPU
		{826A1DBD-5138-48CB-8769-D97F9247B995}.Release|Any CPU.ActiveCfg = Release|Any CPU
		{826A1DBD-5138-48CB-8769-D97F9247B995}.Release|Any CPU.Build.0 = Release|Any CPU
		{CD8614E0-6888-4505-B0D0-A54285087884}.Debug|Any CPU.ActiveCfg = Debug|Any CPU
		{CD8614E0-6888-4505-B0D0-A54285087884}.Debug|Any CPU.Build.0 = Debug|Any CPU
		{CD8614E0-6888-4505-B0D0-A54285087884}.Release|Any CPU.ActiveCfg = Release|Any CPU
		{CD8614E0-6888-4505-B0D0-A54285087884}.Release|Any CPU.Build.0 = Release|Any CPU
		{3F717B98-A3E8-4D58-9393-8539032C7215}.Debug|Any CPU.ActiveCfg = Debug|Any CPU
		{3F717B98-A3E8-4D58-9393-8539032C7215}.Debug|Any CPU.Build.0 = Debug|Any CPU
		{3F717B98-A3E8-4D58-9393-8539032C7215}.Release|Any CPU.ActiveCfg = Release|Any CPU
		{3F717B98-A3E8-4D58-9393-8539032C7215}.Release|Any CPU.Build.0 = Release|Any CPU
		{A6AF3AFE-535E-4201-A7CA-01010D67E454}.Debug|Any CPU.ActiveCfg = Debug|Any CPU
		{A6AF3AFE-535E-4201-A7CA-01010D67E454}.Debug|Any CPU.Build.0 = Debug|Any CPU
		{A6AF3AFE-535E-4201-A7CA-01010D67E454}.Release|Any CPU.ActiveCfg = Release|Any CPU
		{A6AF3AFE-535E-4201-A7CA-01010D67E454}.Release|Any CPU.Build.0 = Release|Any CPU
		{B774A8FE-F596-409E-8083-311E27773621}.Debug|Any CPU.ActiveCfg = Debug|Any CPU
		{B774A8FE-F596-409E-8083-311E27773621}.Debug|Any CPU.Build.0 = Debug|Any CPU
		{B774A8FE-F596-409E-8083-311E27773621}.Release|Any CPU.ActiveCfg = Release|Any CPU
		{B774A8FE-F596-409E-8083-311E27773621}.Release|Any CPU.Build.0 = Release|Any CPU
		{9705FDA3-7170-40B9-B855-34F895B4FF8D}.Debug|Any CPU.ActiveCfg = Debug|Any CPU
		{9705FDA3-7170-40B9-B855-34F895B4FF8D}.Debug|Any CPU.Build.0 = Debug|Any CPU
		{9705FDA3-7170-40B9-B855-34F895B4FF8D}.Release|Any CPU.ActiveCfg = Release|Any CPU
		{9705FDA3-7170-40B9-B855-34F895B4FF8D}.Release|Any CPU.Build.0 = Release|Any CPU
		{6036F144-FA01-47A8-9CD3-8BF893DFB7B8}.Debug|Any CPU.ActiveCfg = Debug|Any CPU
		{6036F144-FA01-47A8-9CD3-8BF893DFB7B8}.Debug|Any CPU.Build.0 = Debug|Any CPU
		{6036F144-FA01-47A8-9CD3-8BF893DFB7B8}.Release|Any CPU.ActiveCfg = Release|Any CPU
		{6036F144-FA01-47A8-9CD3-8BF893DFB7B8}.Release|Any CPU.Build.0 = Release|Any CPU
		{84C6AAEE-8C70-4978-A38C-82C9C437429B}.Debug|Any CPU.ActiveCfg = Debug|Any CPU
		{84C6AAEE-8C70-4978-A38C-82C9C437429B}.Debug|Any CPU.Build.0 = Debug|Any CPU
		{84C6AAEE-8C70-4978-A38C-82C9C437429B}.Release|Any CPU.ActiveCfg = Release|Any CPU
		{84C6AAEE-8C70-4978-A38C-82C9C437429B}.Release|Any CPU.Build.0 = Release|Any CPU
		{ED79DAB6-C37A-45E3-9546-0086C74FC5E3}.Debug|Any CPU.ActiveCfg = Debug|Any CPU
		{ED79DAB6-C37A-45E3-9546-0086C74FC5E3}.Debug|Any CPU.Build.0 = Debug|Any CPU
		{ED79DAB6-C37A-45E3-9546-0086C74FC5E3}.Release|Any CPU.ActiveCfg = Release|Any CPU
		{ED79DAB6-C37A-45E3-9546-0086C74FC5E3}.Release|Any CPU.Build.0 = Release|Any CPU
		{8E3F324E-3E89-4BEB-8604-BFBAF24D9BC5}.Debug|Any CPU.ActiveCfg = Debug|Any CPU
		{8E3F324E-3E89-4BEB-8604-BFBAF24D9BC5}.Debug|Any CPU.Build.0 = Debug|Any CPU
		{8E3F324E-3E89-4BEB-8604-BFBAF24D9BC5}.Release|Any CPU.ActiveCfg = Release|Any CPU
		{8E3F324E-3E89-4BEB-8604-BFBAF24D9BC5}.Release|Any CPU.Build.0 = Release|Any CPU
		{395D29F5-FB9C-4315-926A-18DEF68F476D}.Debug|Any CPU.ActiveCfg = Debug|Any CPU
		{395D29F5-FB9C-4315-926A-18DEF68F476D}.Debug|Any CPU.Build.0 = Debug|Any CPU
		{395D29F5-FB9C-4315-926A-18DEF68F476D}.Release|Any CPU.ActiveCfg = Release|Any CPU
		{395D29F5-FB9C-4315-926A-18DEF68F476D}.Release|Any CPU.Build.0 = Release|Any CPU
		{FF0526D0-5489-48F8-BAC3-97D860A90CA0}.Debug|Any CPU.ActiveCfg = Debug|Any CPU
		{FF0526D0-5489-48F8-BAC3-97D860A90CA0}.Debug|Any CPU.Build.0 = Debug|Any CPU
		{FF0526D0-5489-48F8-BAC3-97D860A90CA0}.Release|Any CPU.ActiveCfg = Release|Any CPU
		{FF0526D0-5489-48F8-BAC3-97D860A90CA0}.Release|Any CPU.Build.0 = Release|Any CPU
		{A6CE93D4-0318-4CA4-8F7E-004CDF056717}.Debug|Any CPU.ActiveCfg = Debug|Any CPU
		{A6CE93D4-0318-4CA4-8F7E-004CDF056717}.Debug|Any CPU.Build.0 = Debug|Any CPU
		{A6CE93D4-0318-4CA4-8F7E-004CDF056717}.Release|Any CPU.ActiveCfg = Release|Any CPU
		{A6CE93D4-0318-4CA4-8F7E-004CDF056717}.Release|Any CPU.Build.0 = Release|Any CPU
		{B8BEC09C-F6C9-419B-96EF-E7A27F11CB7E}.Debug|Any CPU.ActiveCfg = Debug|Any CPU
		{B8BEC09C-F6C9-419B-96EF-E7A27F11CB7E}.Debug|Any CPU.Build.0 = Debug|Any CPU
		{B8BEC09C-F6C9-419B-96EF-E7A27F11CB7E}.Release|Any CPU.ActiveCfg = Release|Any CPU
		{B8BEC09C-F6C9-419B-96EF-E7A27F11CB7E}.Release|Any CPU.Build.0 = Release|Any CPU
		{431E9D8D-6F97-46EE-AAD3-AE0D474F63F7}.Debug|Any CPU.ActiveCfg = Debug|Any CPU
		{431E9D8D-6F97-46EE-AAD3-AE0D474F63F7}.Debug|Any CPU.Build.0 = Debug|Any CPU
		{431E9D8D-6F97-46EE-AAD3-AE0D474F63F7}.Release|Any CPU.ActiveCfg = Release|Any CPU
		{431E9D8D-6F97-46EE-AAD3-AE0D474F63F7}.Release|Any CPU.Build.0 = Release|Any CPU
		{01588EC4-351E-438C-BA57-B2AFC8BB3D70}.Debug|Any CPU.ActiveCfg = Debug|Any CPU
		{01588EC4-351E-438C-BA57-B2AFC8BB3D70}.Debug|Any CPU.Build.0 = Debug|Any CPU
		{01588EC4-351E-438C-BA57-B2AFC8BB3D70}.Release|Any CPU.ActiveCfg = Release|Any CPU
		{01588EC4-351E-438C-BA57-B2AFC8BB3D70}.Release|Any CPU.Build.0 = Release|Any CPU
	EndGlobalSection
	GlobalSection(SolutionProperties) = preSolution
		HideSolutionNode = FALSE
	EndGlobalSection
	GlobalSection(NestedProjects) = preSolution
		{63F4E353-E1BD-4EBE-8FD4-09153A34A6E1} = {54A1C4C9-D8D8-422A-9DA9-C5D7170610CA}
		{D62EAD70-6447-4DB5-92AF-C270A0DCD7E0} = {54A1C4C9-D8D8-422A-9DA9-C5D7170610CA}
		{5E76F239-59B7-412A-92F8-1A85051C98B4} = {54A1C4C9-D8D8-422A-9DA9-C5D7170610CA}
		{38AB91D6-99B5-4CCF-A467-777396BCD657} = {2FF8DE0F-7C2B-438D-908D-005BB2A29BE1}
		{C3DC0435-13B9-44DF-972F-CCDA51095FBF} = {2FF8DE0F-7C2B-438D-908D-005BB2A29BE1}
		{705B965C-71FB-4005-AFF1-3315F3534002} = {2FF8DE0F-7C2B-438D-908D-005BB2A29BE1}
		{64AE5446-381D-47C9-8434-EC97578C7644} = {D08CC891-1818-4BB7-A19C-6CADD754BA5F}
		{1391BE84-568F-4707-9D88-C954C2897652} = {D08CC891-1818-4BB7-A19C-6CADD754BA5F}
		{826A1DBD-5138-48CB-8769-D97F9247B995} = {D08CC891-1818-4BB7-A19C-6CADD754BA5F}
		{CD8614E0-6888-4505-B0D0-A54285087884} = {70A122D4-8184-477B-84C7-4775F4A7E847}
		{3F717B98-A3E8-4D58-9393-8539032C7215} = {70A122D4-8184-477B-84C7-4775F4A7E847}
		{A6AF3AFE-535E-4201-A7CA-01010D67E454} = {70A122D4-8184-477B-84C7-4775F4A7E847}
		{B774A8FE-F596-409E-8083-311E27773621} = {E34F28D4-D034-4E5D-81EB-A31B5FA3B9F9}
		{9705FDA3-7170-40B9-B855-34F895B4FF8D} = {E34F28D4-D034-4E5D-81EB-A31B5FA3B9F9}
		{6036F144-FA01-47A8-9CD3-8BF893DFB7B8} = {E34F28D4-D034-4E5D-81EB-A31B5FA3B9F9}
		{84C6AAEE-8C70-4978-A38C-82C9C437429B} = {EE00A56C-F28E-462E-890A-983F824C73A7}
		{ED79DAB6-C37A-45E3-9546-0086C74FC5E3} = {EE00A56C-F28E-462E-890A-983F824C73A7}
		{8E3F324E-3E89-4BEB-8604-BFBAF24D9BC5} = {EE00A56C-F28E-462E-890A-983F824C73A7}
		{395D29F5-FB9C-4315-926A-18DEF68F476D} = {35CCF993-6805-472A-AB09-DD1292EB5471}
		{FF0526D0-5489-48F8-BAC3-97D860A90CA0} = {35CCF993-6805-472A-AB09-DD1292EB5471}
		{A6CE93D4-0318-4CA4-8F7E-004CDF056717} = {35CCF993-6805-472A-AB09-DD1292EB5471}
		{B8BEC09C-F6C9-419B-96EF-E7A27F11CB7E} = {CB3677EE-F168-4ED8-9530-49E57B8F8F74}
		{431E9D8D-6F97-46EE-AAD3-AE0D474F63F7} = {CB3677EE-F168-4ED8-9530-49E57B8F8F74}
		{01588EC4-351E-438C-BA57-B2AFC8BB3D70} = {CB3677EE-F168-4ED8-9530-49E57B8F8F74}
	EndGlobalSection
	GlobalSection(ExtensibilityGlobals) = postSolution
		SolutionGuid = {9786F4FC-EFD0-4590-AF0B-43C76EF23A47}
	EndGlobalSection
EndGlobal
